
Microsoft Visual Studio Solution File, Format Version 12.00
# Visual Studio 15
VisualStudioVersion = 15.0.28307.271
MinimumVisualStudioVersion = 10.0.40219.1
Project("{FAE04EC0-301F-11D3-BF4B-00C04F79EFBC}") = "NestedObjects", "NestedObjects\NestedObjects.csproj", "{D1F6A071-B6A3-4FED-B5B1-471324AD8CF7}"
EndProject
Global
	GlobalSection(SolutionConfigurationPlatforms) = preSolution
		Debug|Any CPU = Debug|Any CPU
		Release|Any CPU = Release|Any CPU
	EndGlobalSection
	GlobalSection(ProjectConfigurationPlatforms) = postSolution
		{D1F6A071-B6A3-4FED-B5B1-471324AD8CF7}.Debug|Any CPU.ActiveCfg = Debug|Any CPU
		{D1F6A071-B6A3-4FED-B5B1-471324AD8CF7}.Debug|Any CPU.Build.0 = Debug|Any CPU
		{D1F6A071-B6A3-4FED-B5B1-471324AD8CF7}.Release|Any CPU.ActiveCfg = Release|Any CPU
		{D1F6A071-B6A3-4FED-B5B1-471324AD8CF7}.Release|Any CPU.Build.0 = Release|Any CPU
	EndGlobalSection
	GlobalSection(SolutionProperties) = preSolution
		HideSolutionNode = FALSE
	EndGlobalSection
	GlobalSection(ExtensibilityGlobals) = postSolution
		SolutionGuid = {3D101090-DB89-4658-AFCD-520877402BAA}
	EndGlobalSection
EndGlobal
